// !$*UTF8*$!
{
	archiveVersion = 1;
	classes = {
	};
	objectVersion = 46;
	objects = {

/* Begin PBXBuildFile section */
		52135E471CA49D090095E2E8 /* TestScene.sks in Resources */ = {isa = PBXBuildFile; fileRef = 52135E461CA49D090095E2E8 /* TestScene.sks */; };
		52135E491CA4B6410095E2E8 /* SwiftyTimer.swift in Sources */ = {isa = PBXBuildFile; fileRef = 52135E481CA4B6410095E2E8 /* SwiftyTimer.swift */; };
		52135E4B1CA4BB900095E2E8 /* NoteNode.swift in Sources */ = {isa = PBXBuildFile; fileRef = 52135E4A1CA4BB900095E2E8 /* NoteNode.swift */; };
		5292ED411CA4624A00F7849C /* ChannelNode.swift in Sources */ = {isa = PBXBuildFile; fileRef = 5292ED401CA4624A00F7849C /* ChannelNode.swift */; };
		5292ED431CA4627600F7849C /* GameScene.swift in Sources */ = {isa = PBXBuildFile; fileRef = 5292ED421CA4627600F7849C /* GameScene.swift */; };
		5292ED451CA4628700F7849C /* GameViewController.swift in Sources */ = {isa = PBXBuildFile; fileRef = 5292ED441CA4628700F7849C /* GameViewController.swift */; };
		5292ED471CA4629000F7849C /* StarParticle.sks in Resources */ = {isa = PBXBuildFile; fileRef = 5292ED461CA4629000F7849C /* StarParticle.sks */; };
		B508EADD1CA2351B002B90EA /* libmikmod.a in Frameworks */ = {isa = PBXBuildFile; fileRef = B575ACA51CA19D52003F90F4 /* libmikmod.a */; };
		B508EAE21CA2F5F3002B90EA /* a_winter_kiss.xm in Resources */ = {isa = PBXBuildFile; fileRef = B508EAE11CA2F5F3002B90EA /* a_winter_kiss.xm */; };
		B508EAEF1CA4811D002B90EA /* SwiftyJSON.swift in Sources */ = {isa = PBXBuildFile; fileRef = B508EAEB1CA4811D002B90EA /* SwiftyJSON.swift */; };
		B508EAF01CA4811D002B90EA /* VariadicWrapper.c in Sources */ = {isa = PBXBuildFile; fileRef = B508EAEC1CA4811D002B90EA /* VariadicWrapper.c */; };
		B5264D131D8F78CB00ACC8FB /* XMScanner.swift in Sources */ = {isa = PBXBuildFile; fileRef = B5264D121D8F78CB00ACC8FB /* XMScanner.swift */; };
		B5418E261CA1CFE400E108C9 /* CoreAudio.framework in Frameworks */ = {isa = PBXBuildFile; fileRef = B5418E251CA1CFE400E108C9 /* CoreAudio.framework */; };
		B5418E281CA1CFEB00E108C9 /* GameController.framework in Frameworks */ = {isa = PBXBuildFile; fileRef = B5418E271CA1CFEB00E108C9 /* GameController.framework */; };
		B5418E2A1CA1CFF900E108C9 /* AudioToolbox.framework in Frameworks */ = {isa = PBXBuildFile; fileRef = B5418E291CA1CFF900E108C9 /* AudioToolbox.framework */; };
		B5418E2C1CA1D00B00E108C9 /* CoreMotion.framework in Frameworks */ = {isa = PBXBuildFile; fileRef = B5418E2B1CA1D00B00E108C9 /* CoreMotion.framework */; };
		B575AC901CA198C4003F90F4 /* AppDelegate.swift in Sources */ = {isa = PBXBuildFile; fileRef = B575AC8F1CA198C4003F90F4 /* AppDelegate.swift */; };
		B575AC991CA198C4003F90F4 /* Main.storyboard in Resources */ = {isa = PBXBuildFile; fileRef = B575AC971CA198C4003F90F4 /* Main.storyboard */; };
		B575AC9B1CA198C4003F90F4 /* Assets.xcassets in Resources */ = {isa = PBXBuildFile; fileRef = B575AC9A1CA198C4003F90F4 /* Assets.xcassets */; };
		B575AC9E1CA198C4003F90F4 /* LaunchScreen.storyboard in Resources */ = {isa = PBXBuildFile; fileRef = B575AC9C1CA198C4003F90F4 /* LaunchScreen.storyboard */; };
		B575ACA81CA19D52003F90F4 /* libSDL2.a in Frameworks */ = {isa = PBXBuildFile; fileRef = B575ACA61CA19D52003F90F4 /* libSDL2.a */; };
		B5CEF33E1CAAFBE100FD1467 /* SongPlayer.swift in Sources */ = {isa = PBXBuildFile; fileRef = B5CEF33D1CAAFBE100FD1467 /* SongPlayer.swift */; };
		B5CEF3401CAB03E500FD1467 /* a_winter_kiss.xm.spec.json in Resources */ = {isa = PBXBuildFile; fileRef = B5CEF33F1CAB03E500FD1467 /* a_winter_kiss.xm.spec.json */; };
		B5CEF3421CAB2DA900FD1467 /* Game.swift in Sources */ = {isa = PBXBuildFile; fileRef = B5CEF3411CAB2DA900FD1467 /* Game.swift */; };
		B5CEF3441CACA66400FD1467 /* ButtonsNode.swift in Sources */ = {isa = PBXBuildFile; fileRef = B5CEF3431CACA66400FD1467 /* ButtonsNode.swift */; };
		B5CEF3461CADAAC800FD1467 /* MainMenuViewController.swift in Sources */ = {isa = PBXBuildFile; fileRef = B5CEF3451CADAAC800FD1467 /* MainMenuViewController.swift */; };
		B5CEF3481CADB36500FD1467 /* HealthNode.swift in Sources */ = {isa = PBXBuildFile; fileRef = B5CEF3471CADB36500FD1467 /* HealthNode.swift */; };
		B5D0598B1CA7AF2B00803648 /* NotesLayer.swift in Sources */ = {isa = PBXBuildFile; fileRef = B508EAE91CA4811D002B90EA /* NotesLayer.swift */; };
		B5D0598C1CA7AF2E00803648 /* SongSpec.swift in Sources */ = {isa = PBXBuildFile; fileRef = B508EAEA1CA4811D002B90EA /* SongSpec.swift */; };
		B5D6E4521CB0C86200F7FFAA /* _sunlight_.xm in Resources */ = {isa = PBXBuildFile; fileRef = B5D6E4501CB0C86200F7FFAA /* _sunlight_.xm */; };
		B5D6E4531CB0C86200F7FFAA /* _sunlight_.xm.spec.json in Resources */ = {isa = PBXBuildFile; fileRef = B5D6E4511CB0C86200F7FFAA /* _sunlight_.xm.spec.json */; };
		B5DC890A1CE6F9BA005DC942 /* 81691-past.xm in Resources */ = {isa = PBXBuildFile; fileRef = B5DC89081CE6F9BA005DC942 /* 81691-past.xm */; };
		B5DC890B1CE6F9BA005DC942 /* 81691-past.xm.spec.json in Resources */ = {isa = PBXBuildFile; fileRef = B5DC89091CE6F9BA005DC942 /* 81691-past.xm.spec.json */; };
		B5DC890D1CE6FB07005DC942 /* song_list.json in Resources */ = {isa = PBXBuildFile; fileRef = B5DC890C1CE6FB07005DC942 /* song_list.json */; };
		B5DC890F1CE7FF32005DC942 /* SongInfo.swift in Sources */ = {isa = PBXBuildFile; fileRef = B5DC890E1CE7FF32005DC942 /* SongInfo.swift */; };
		B5DC89111CE80A4A005DC942 /* ChooseSongViewController.swift in Sources */ = {isa = PBXBuildFile; fileRef = B5DC89101CE80A4A005DC942 /* ChooseSongViewController.swift */; };
		B5DC89131CE81064005DC942 /* SongTableViewCell.swift in Sources */ = {isa = PBXBuildFile; fileRef = B5DC89121CE81064005DC942 /* SongTableViewCell.swift */; };
/* End PBXBuildFile section */

/* Begin PBXFileReference section */
		52135E461CA49D090095E2E8 /* TestScene.sks */ = {isa = PBXFileReference; lastKnownFileType = file.sks; path = TestScene.sks; sourceTree = "<group>"; };
		52135E481CA4B6410095E2E8 /* SwiftyTimer.swift */ = {isa = PBXFileReference; fileEncoding = 4; lastKnownFileType = sourcecode.swift; path = SwiftyTimer.swift; sourceTree = "<group>"; };
		52135E4A1CA4BB900095E2E8 /* NoteNode.swift */ = {isa = PBXFileReference; fileEncoding = 4; lastKnownFileType = sourcecode.swift; path = NoteNode.swift; sourceTree = "<group>"; };
		5292ED401CA4624A00F7849C /* ChannelNode.swift */ = {isa = PBXFileReference; fileEncoding = 4; lastKnownFileType = sourcecode.swift; path = ChannelNode.swift; sourceTree = "<group>"; };
		5292ED421CA4627600F7849C /* GameScene.swift */ = {isa = PBXFileReference; fileEncoding = 4; lastKnownFileType = sourcecode.swift; path = GameScene.swift; sourceTree = "<group>"; };
		5292ED441CA4628700F7849C /* GameViewController.swift */ = {isa = PBXFileReference; fileEncoding = 4; lastKnownFileType = sourcecode.swift; path = GameViewController.swift; sourceTree = "<group>"; };
		5292ED461CA4629000F7849C /* StarParticle.sks */ = {isa = PBXFileReference; lastKnownFileType = file.sks; path = StarParticle.sks; sourceTree = "<group>"; };
		B508EAE11CA2F5F3002B90EA /* a_winter_kiss.xm */ = {isa = PBXFileReference; lastKnownFileType = file; name = a_winter_kiss.xm; path = ../songs/a_winter_kiss.xm; sourceTree = "<group>"; };
		B508EAE91CA4811D002B90EA /* NotesLayer.swift */ = {isa = PBXFileReference; fileEncoding = 4; lastKnownFileType = sourcecode.swift; name = NotesLayer.swift; path = ../Sources/NotesLayer.swift; sourceTree = "<group>"; };
		B508EAEA1CA4811D002B90EA /* SongSpec.swift */ = {isa = PBXFileReference; fileEncoding = 4; lastKnownFileType = sourcecode.swift; name = SongSpec.swift; path = ../Sources/SongSpec.swift; sourceTree = "<group>"; };
		B508EAEB1CA4811D002B90EA /* SwiftyJSON.swift */ = {isa = PBXFileReference; fileEncoding = 4; lastKnownFileType = sourcecode.swift; name = SwiftyJSON.swift; path = ../Sources/SwiftyJSON.swift; sourceTree = "<group>"; };
		B508EAEC1CA4811D002B90EA /* VariadicWrapper.c */ = {isa = PBXFileReference; fileEncoding = 4; lastKnownFileType = sourcecode.c.c; name = VariadicWrapper.c; path = ../Sources/VariadicWrapper.c; sourceTree = "<group>"; };
		B5264D121D8F78CB00ACC8FB /* XMScanner.swift */ = {isa = PBXFileReference; fileEncoding = 4; lastKnownFileType = sourcecode.swift; name = XMScanner.swift; path = ../Sources/XMScanner.swift; sourceTree = "<group>"; };
		B5418E211CA1C90200E108C9 /* bridge.h */ = {isa = PBXFileReference; lastKnownFileType = sourcecode.c.h; path = bridge.h; sourceTree = "<group>"; };
		B5418E221CA1CE6900E108C9 /* mikmod.h */ = {isa = PBXFileReference; lastKnownFileType = sourcecode.c.h; name = mikmod.h; path = include/mikmod.h; sourceTree = "<group>"; };
		B5418E231CA1CF9700E108C9 /* AudioUnit.framework */ = {isa = PBXFileReference; lastKnownFileType = wrapper.framework; name = AudioUnit.framework; path = System/Library/Frameworks/AudioUnit.framework; sourceTree = SDKROOT; };
		B5418E251CA1CFE400E108C9 /* CoreAudio.framework */ = {isa = PBXFileReference; lastKnownFileType = wrapper.framework; name = CoreAudio.framework; path = System/Library/Frameworks/CoreAudio.framework; sourceTree = SDKROOT; };
		B5418E271CA1CFEB00E108C9 /* GameController.framework */ = {isa = PBXFileReference; lastKnownFileType = wrapper.framework; name = GameController.framework; path = System/Library/Frameworks/GameController.framework; sourceTree = SDKROOT; };
		B5418E291CA1CFF900E108C9 /* AudioToolbox.framework */ = {isa = PBXFileReference; lastKnownFileType = wrapper.framework; name = AudioToolbox.framework; path = System/Library/Frameworks/AudioToolbox.framework; sourceTree = SDKROOT; };
		B5418E2B1CA1D00B00E108C9 /* CoreMotion.framework */ = {isa = PBXFileReference; lastKnownFileType = wrapper.framework; name = CoreMotion.framework; path = System/Library/Frameworks/CoreMotion.framework; sourceTree = SDKROOT; };
		B575AC8C1CA198C4003F90F4 /* Chiptune Hero.app */ = {isa = PBXFileReference; explicitFileType = wrapper.application; includeInIndex = 0; path = "Chiptune Hero.app"; sourceTree = BUILT_PRODUCTS_DIR; };
		B575AC8F1CA198C4003F90F4 /* AppDelegate.swift */ = {isa = PBXFileReference; lastKnownFileType = sourcecode.swift; path = AppDelegate.swift; sourceTree = "<group>"; };
		B575AC981CA198C4003F90F4 /* Base */ = {isa = PBXFileReference; lastKnownFileType = file.storyboard; name = Base; path = Base.lproj/Main.storyboard; sourceTree = "<group>"; };
		B575AC9A1CA198C4003F90F4 /* Assets.xcassets */ = {isa = PBXFileReference; lastKnownFileType = folder.assetcatalog; path = Assets.xcassets; sourceTree = "<group>"; };
		B575AC9D1CA198C4003F90F4 /* Base */ = {isa = PBXFileReference; lastKnownFileType = file.storyboard; name = Base; path = Base.lproj/LaunchScreen.storyboard; sourceTree = "<group>"; };
		B575AC9F1CA198C4003F90F4 /* Info.plist */ = {isa = PBXFileReference; lastKnownFileType = text.plist.xml; path = Info.plist; sourceTree = "<group>"; };
		B575ACA51CA19D52003F90F4 /* libmikmod.a */ = {isa = PBXFileReference; lastKnownFileType = archive.ar; name = libmikmod.a; path = lib/libmikmod.a; sourceTree = SOURCE_ROOT; };
		B575ACA61CA19D52003F90F4 /* libSDL2.a */ = {isa = PBXFileReference; lastKnownFileType = archive.ar; name = libSDL2.a; path = lib/libSDL2.a; sourceTree = SOURCE_ROOT; };
		B5CEF33D1CAAFBE100FD1467 /* SongPlayer.swift */ = {isa = PBXFileReference; fileEncoding = 4; lastKnownFileType = sourcecode.swift; name = SongPlayer.swift; path = ../Sources/SongPlayer.swift; sourceTree = "<group>"; };
		B5CEF33F1CAB03E500FD1467 /* a_winter_kiss.xm.spec.json */ = {isa = PBXFileReference; fileEncoding = 4; lastKnownFileType = text.json; name = a_winter_kiss.xm.spec.json; path = ../songs/a_winter_kiss.xm.spec.json; sourceTree = "<group>"; };
		B5CEF3411CAB2DA900FD1467 /* Game.swift */ = {isa = PBXFileReference; fileEncoding = 4; lastKnownFileType = sourcecode.swift; name = Game.swift; path = ../Sources/Game.swift; sourceTree = "<group>"; };
		B5CEF3431CACA66400FD1467 /* ButtonsNode.swift */ = {isa = PBXFileReference; fileEncoding = 4; lastKnownFileType = sourcecode.swift; path = ButtonsNode.swift; sourceTree = "<group>"; };
		B5CEF3451CADAAC800FD1467 /* MainMenuViewController.swift */ = {isa = PBXFileReference; fileEncoding = 4; lastKnownFileType = sourcecode.swift; path = MainMenuViewController.swift; sourceTree = "<group>"; };
		B5CEF3471CADB36500FD1467 /* HealthNode.swift */ = {isa = PBXFileReference; fileEncoding = 4; lastKnownFileType = sourcecode.swift; path = HealthNode.swift; sourceTree = "<group>"; };
		B5D6E4501CB0C86200F7FFAA /* _sunlight_.xm */ = {isa = PBXFileReference; lastKnownFileType = file; name = _sunlight_.xm; path = ../songs/_sunlight_.xm; sourceTree = "<group>"; };
		B5D6E4511CB0C86200F7FFAA /* _sunlight_.xm.spec.json */ = {isa = PBXFileReference; fileEncoding = 4; lastKnownFileType = text.json; name = _sunlight_.xm.spec.json; path = ../songs/_sunlight_.xm.spec.json; sourceTree = "<group>"; };
		B5DC89081CE6F9BA005DC942 /* 81691-past.xm */ = {isa = PBXFileReference; lastKnownFileType = file; name = "81691-past.xm"; path = "../songs/81691-past.xm"; sourceTree = "<group>"; };
		B5DC89091CE6F9BA005DC942 /* 81691-past.xm.spec.json */ = {isa = PBXFileReference; fileEncoding = 4; lastKnownFileType = text.json; name = "81691-past.xm.spec.json"; path = "../songs/81691-past.xm.spec.json"; sourceTree = "<group>"; };
		B5DC890C1CE6FB07005DC942 /* song_list.json */ = {isa = PBXFileReference; fileEncoding = 4; lastKnownFileType = text.json; name = song_list.json; path = ../songs/song_list.json; sourceTree = "<group>"; };
		B5DC890E1CE7FF32005DC942 /* SongInfo.swift */ = {isa = PBXFileReference; fileEncoding = 4; lastKnownFileType = sourcecode.swift; path = SongInfo.swift; sourceTree = "<group>"; };
		B5DC89101CE80A4A005DC942 /* ChooseSongViewController.swift */ = {isa = PBXFileReference; fileEncoding = 4; lastKnownFileType = sourcecode.swift; path = ChooseSongViewController.swift; sourceTree = "<group>"; };
		B5DC89121CE81064005DC942 /* SongTableViewCell.swift */ = {isa = PBXFileReference; fileEncoding = 4; lastKnownFileType = sourcecode.swift; path = SongTableViewCell.swift; sourceTree = "<group>"; };
/* End PBXFileReference section */

/* Begin PBXFrameworksBuildPhase section */
		B575AC891CA198C4003F90F4 /* Frameworks */ = {
			isa = PBXFrameworksBuildPhase;
			buildActionMask = 2147483647;
			files = (
				B5418E2C1CA1D00B00E108C9 /* CoreMotion.framework in Frameworks */,
				B5418E2A1CA1CFF900E108C9 /* AudioToolbox.framework in Frameworks */,
				B5418E281CA1CFEB00E108C9 /* GameController.framework in Frameworks */,
				B5418E261CA1CFE400E108C9 /* CoreAudio.framework in Frameworks */,
				B508EADD1CA2351B002B90EA /* libmikmod.a in Frameworks */,
				B575ACA81CA19D52003F90F4 /* libSDL2.a in Frameworks */,
			);
			runOnlyForDeploymentPostprocessing = 0;
		};
/* End PBXFrameworksBuildPhase section */

/* Begin PBXGroup section */
		B508EAE01CA2F5D6002B90EA /* Resources */ = {
			isa = PBXGroup;
			children = (
				B5DC89081CE6F9BA005DC942 /* 81691-past.xm */,
				B5DC89091CE6F9BA005DC942 /* 81691-past.xm.spec.json */,
				B5D6E4501CB0C86200F7FFAA /* _sunlight_.xm */,
				B5D6E4511CB0C86200F7FFAA /* _sunlight_.xm.spec.json */,
				B5CEF33F1CAB03E500FD1467 /* a_winter_kiss.xm.spec.json */,
				B508EAE11CA2F5F3002B90EA /* a_winter_kiss.xm */,
				B5DC890C1CE6FB07005DC942 /* song_list.json */,
			);
			name = Resources;
			sourceTree = "<group>";
		};
		B508EAE81CA48108002B90EA /* Common Sources */ = {
			isa = PBXGroup;
			children = (
				B508EAEC1CA4811D002B90EA /* VariadicWrapper.c */,
				B508EAE91CA4811D002B90EA /* NotesLayer.swift */,
				B508EAEA1CA4811D002B90EA /* SongSpec.swift */,
				B5CEF33D1CAAFBE100FD1467 /* SongPlayer.swift */,
				B508EAEB1CA4811D002B90EA /* SwiftyJSON.swift */,
				B5CEF3411CAB2DA900FD1467 /* Game.swift */,
				B5264D121D8F78CB00ACC8FB /* XMScanner.swift */,
			);
			name = "Common Sources";
			sourceTree = "<group>";
		};
		B575AC831CA198C4003F90F4 = {
			isa = PBXGroup;
			children = (
				B508EAE81CA48108002B90EA /* Common Sources */,
				B575AC8E1CA198C4003F90F4 /* ChipTune Hero */,
				B575ACA91CA19D57003F90F4 /* Libraries */,
				B508EAE01CA2F5D6002B90EA /* Resources */,
				B575AC8D1CA198C4003F90F4 /* Products */,
			);
			sourceTree = "<group>";
		};
		B575AC8D1CA198C4003F90F4 /* Products */ = {
			isa = PBXGroup;
			children = (
				B575AC8C1CA198C4003F90F4 /* Chiptune Hero.app */,
			);
			name = Products;
			sourceTree = "<group>";
		};
		B575AC8E1CA198C4003F90F4 /* ChipTune Hero */ = {
			isa = PBXGroup;
			children = (
				B575AC8F1CA198C4003F90F4 /* AppDelegate.swift */,
				5292ED421CA4627600F7849C /* GameScene.swift */,
				5292ED401CA4624A00F7849C /* ChannelNode.swift */,
				52135E4A1CA4BB900095E2E8 /* NoteNode.swift */,
				5292ED441CA4628700F7849C /* GameViewController.swift */,
				B5DC89101CE80A4A005DC942 /* ChooseSongViewController.swift */,
				B5DC89121CE81064005DC942 /* SongTableViewCell.swift */,
				B5DC890E1CE7FF32005DC942 /* SongInfo.swift */,
				52135E481CA4B6410095E2E8 /* SwiftyTimer.swift */,
				B5CEF3431CACA66400FD1467 /* ButtonsNode.swift */,
				B5CEF3451CADAAC800FD1467 /* MainMenuViewController.swift */,
				B5CEF3471CADB36500FD1467 /* HealthNode.swift */,
				B575AC971CA198C4003F90F4 /* Main.storyboard */,
				5292ED461CA4629000F7849C /* StarParticle.sks */,
				52135E461CA49D090095E2E8 /* TestScene.sks */,
				B575AC9A1CA198C4003F90F4 /* Assets.xcassets */,
				B575AC9C1CA198C4003F90F4 /* LaunchScreen.storyboard */,
				B575AC9F1CA198C4003F90F4 /* Info.plist */,
				B5418E211CA1C90200E108C9 /* bridge.h */,
			);
			path = "ChipTune Hero";
			sourceTree = "<group>";
		};
		B575ACA91CA19D57003F90F4 /* Libraries */ = {
			isa = PBXGroup;
			children = (
				B5418E221CA1CE6900E108C9 /* mikmod.h */,
				B575ACA51CA19D52003F90F4 /* libmikmod.a */,
				B575ACA61CA19D52003F90F4 /* libSDL2.a */,
				B5418E2B1CA1D00B00E108C9 /* CoreMotion.framework */,
				B5418E291CA1CFF900E108C9 /* AudioToolbox.framework */,
				B5418E271CA1CFEB00E108C9 /* GameController.framework */,
				B5418E251CA1CFE400E108C9 /* CoreAudio.framework */,
				B5418E231CA1CF9700E108C9 /* AudioUnit.framework */,
			);
			name = Libraries;
			sourceTree = "<group>";
		};
/* End PBXGroup section */

/* Begin PBXNativeTarget section */
		B575AC8B1CA198C4003F90F4 /* Chiptune Hero */ = {
			isa = PBXNativeTarget;
			buildConfigurationList = B575ACA21CA198C4003F90F4 /* Build configuration list for PBXNativeTarget "Chiptune Hero" */;
			buildPhases = (
				B575AC881CA198C4003F90F4 /* Sources */,
				B575AC891CA198C4003F90F4 /* Frameworks */,
				B575AC8A1CA198C4003F90F4 /* Resources */,
			);
			buildRules = (
			);
			dependencies = (
			);
			name = "Chiptune Hero";
			productName = "ChipTune Hero";
			productReference = B575AC8C1CA198C4003F90F4 /* Chiptune Hero.app */;
			productType = "com.apple.product-type.application";
		};
/* End PBXNativeTarget section */

/* Begin PBXProject section */
		B575AC841CA198C4003F90F4 /* Project object */ = {
			isa = PBXProject;
			attributes = {
				LastSwiftUpdateCheck = 0720;
				LastUpgradeCheck = 0720;
				ORGANIZATIONNAME = "Ben Anderman";
				TargetAttributes = {
					B575AC8B1CA198C4003F90F4 = {
						CreatedOnToolsVersion = 7.2.1;
						DevelopmentTeam = QD667438AY;
					};
				};
			};
			buildConfigurationList = B575AC871CA198C4003F90F4 /* Build configuration list for PBXProject "ChipTune Hero" */;
			compatibilityVersion = "Xcode 3.2";
			developmentRegion = English;
			hasScannedForEncodings = 0;
			knownRegions = (
				en,
				Base,
			);
			mainGroup = B575AC831CA198C4003F90F4;
			productRefGroup = B575AC8D1CA198C4003F90F4 /* Products */;
			projectDirPath = "";
			projectRoot = "";
			targets = (
				B575AC8B1CA198C4003F90F4 /* Chiptune Hero */,
			);
		};
/* End PBXProject section */

/* Begin PBXResourcesBuildPhase section */
		B575AC8A1CA198C4003F90F4 /* Resources */ = {
			isa = PBXResourcesBuildPhase;
			buildActionMask = 2147483647;
			files = (
				52135E471CA49D090095E2E8 /* TestScene.sks in Resources */,
				B575AC9E1CA198C4003F90F4 /* LaunchScreen.storyboard in Resources */,
				B5DC890B1CE6F9BA005DC942 /* 81691-past.xm.spec.json in Resources */,
				B5DC890A1CE6F9BA005DC942 /* 81691-past.xm in Resources */,
				B5DC890D1CE6FB07005DC942 /* song_list.json in Resources */,
				5292ED471CA4629000F7849C /* StarParticle.sks in Resources */,
				B575AC9B1CA198C4003F90F4 /* Assets.xcassets in Resources */,
				B5D6E4521CB0C86200F7FFAA /* _sunlight_.xm in Resources */,
				B5D6E4531CB0C86200F7FFAA /* _sunlight_.xm.spec.json in Resources */,
				B5CEF3401CAB03E500FD1467 /* a_winter_kiss.xm.spec.json in Resources */,
				B508EAE21CA2F5F3002B90EA /* a_winter_kiss.xm in Resources */,
				B575AC991CA198C4003F90F4 /* Main.storyboard in Resources */,
			);
			runOnlyForDeploymentPostprocessing = 0;
		};
/* End PBXResourcesBuildPhase section */

/* Begin PBXSourcesBuildPhase section */
		B575AC881CA198C4003F90F4 /* Sources */ = {
			isa = PBXSourcesBuildPhase;
			buildActionMask = 2147483647;
			files = (
				B5CEF3481CADB36500FD1467 /* HealthNode.swift in Sources */,
				B508EAF01CA4811D002B90EA /* VariadicWrapper.c in Sources */,
				B5CEF33E1CAAFBE100FD1467 /* SongPlayer.swift in Sources */,
				5292ED451CA4628700F7849C /* GameViewController.swift in Sources */,
				B5264D131D8F78CB00ACC8FB /* XMScanner.swift in Sources */,
				52135E4B1CA4BB900095E2E8 /* NoteNode.swift in Sources */,
				B5CEF3461CADAAC800FD1467 /* MainMenuViewController.swift in Sources */,
				B5DC89131CE81064005DC942 /* SongTableViewCell.swift in Sources */,
				B5CEF3441CACA66400FD1467 /* ButtonsNode.swift in Sources */,
				5292ED431CA4627600F7849C /* GameScene.swift in Sources */,
				B5D0598C1CA7AF2E00803648 /* SongSpec.swift in Sources */,
				B575AC901CA198C4003F90F4 /* AppDelegate.swift in Sources */,
				B5CEF3421CAB2DA900FD1467 /* Game.swift in Sources */,
				B5D0598B1CA7AF2B00803648 /* NotesLayer.swift in Sources */,
				B5DC890F1CE7FF32005DC942 /* SongInfo.swift in Sources */,
				B5DC89111CE80A4A005DC942 /* ChooseSongViewController.swift in Sources */,
				B508EAEF1CA4811D002B90EA /* SwiftyJSON.swift in Sources */,
				5292ED411CA4624A00F7849C /* ChannelNode.swift in Sources */,
				52135E491CA4B6410095E2E8 /* SwiftyTimer.swift in Sources */,
			);
			runOnlyForDeploymentPostprocessing = 0;
		};
/* End PBXSourcesBuildPhase section */

/* Begin PBXVariantGroup section */
		B575AC971CA198C4003F90F4 /* Main.storyboard */ = {
			isa = PBXVariantGroup;
			children = (
				B575AC981CA198C4003F90F4 /* Base */,
			);
			name = Main.storyboard;
			sourceTree = "<group>";
		};
		B575AC9C1CA198C4003F90F4 /* LaunchScreen.storyboard */ = {
			isa = PBXVariantGroup;
			children = (
				B575AC9D1CA198C4003F90F4 /* Base */,
			);
			name = LaunchScreen.storyboard;
			sourceTree = "<group>";
		};
/* End PBXVariantGroup section */

/* Begin XCBuildConfiguration section */
		B575ACA01CA198C4003F90F4 /* Debug */ = {
			isa = XCBuildConfiguration;
			buildSettings = {
				ALWAYS_SEARCH_USER_PATHS = NO;
				CLANG_CXX_LANGUAGE_STANDARD = "gnu++0x";
				CLANG_CXX_LIBRARY = "libc++";
				CLANG_ENABLE_MODULES = YES;
				CLANG_ENABLE_OBJC_ARC = YES;
				CLANG_WARN_BOOL_CONVERSION = YES;
				CLANG_WARN_CONSTANT_CONVERSION = YES;
				CLANG_WARN_DIRECT_OBJC_ISA_USAGE = YES_ERROR;
				CLANG_WARN_EMPTY_BODY = YES;
				CLANG_WARN_ENUM_CONVERSION = YES;
				CLANG_WARN_INT_CONVERSION = YES;
				CLANG_WARN_OBJC_ROOT_CLASS = YES_ERROR;
				CLANG_WARN_UNREACHABLE_CODE = YES;
				CLANG_WARN__DUPLICATE_METHOD_MATCH = YES;
				"CODE_SIGN_IDENTITY[sdk=iphoneos*]" = "iPhone Developer";
				COPY_PHASE_STRIP = NO;
				DEBUG_INFORMATION_FORMAT = "dwarf-with-dsym";
				ENABLE_BITCODE = NO;
				ENABLE_STRICT_OBJC_MSGSEND = YES;
				ENABLE_TESTABILITY = YES;
				GCC_C_LANGUAGE_STANDARD = gnu99;
				GCC_DYNAMIC_NO_PIC = NO;
				GCC_NO_COMMON_BLOCKS = YES;
				GCC_OPTIMIZATION_LEVEL = 0;
				GCC_PREPROCESSOR_DEFINITIONS = (
					"DEBUG=1",
					"$(inherited)",
				);
				GCC_WARN_64_TO_32_BIT_CONVERSION = YES;
				GCC_WARN_ABOUT_RETURN_TYPE = YES_ERROR;
				GCC_WARN_UNDECLARED_SELECTOR = YES;
				GCC_WARN_UNINITIALIZED_AUTOS = YES_AGGRESSIVE;
				GCC_WARN_UNUSED_FUNCTION = YES;
				GCC_WARN_UNUSED_VARIABLE = YES;
				HEADER_SEARCH_PATHS = "include/**";
				IPHONEOS_DEPLOYMENT_TARGET = 8.0;
				MTL_ENABLE_DEBUG_INFO = YES;
				ONLY_ACTIVE_ARCH = YES;
				SDKROOT = iphoneos;
				SWIFT_OPTIMIZATION_LEVEL = "-Onone";
				SWIFT_VERSION = 2.3;
				TARGETED_DEVICE_FAMILY = "1,2";
			};
			name = Debug;
		};
		B575ACA11CA198C4003F90F4 /* Release */ = {
			isa = XCBuildConfiguration;
			buildSettings = {
				ALWAYS_SEARCH_USER_PATHS = NO;
				CLANG_CXX_LANGUAGE_STANDARD = "gnu++0x";
				CLANG_CXX_LIBRARY = "libc++";
				CLANG_ENABLE_MODULES = YES;
				CLANG_ENABLE_OBJC_ARC = YES;
				CLANG_WARN_BOOL_CONVERSION = YES;
				CLANG_WARN_CONSTANT_CONVERSION = YES;
				CLANG_WARN_DIRECT_OBJC_ISA_USAGE = YES_ERROR;
				CLANG_WARN_EMPTY_BODY = YES;
				CLANG_WARN_ENUM_CONVERSION = YES;
				CLANG_WARN_INT_CONVERSION = YES;
				CLANG_WARN_OBJC_ROOT_CLASS = YES_ERROR;
				CLANG_WARN_UNREACHABLE_CODE = YES;
				CLANG_WARN__DUPLICATE_METHOD_MATCH = YES;
				"CODE_SIGN_IDENTITY[sdk=iphoneos*]" = "iPhone Developer";
				COPY_PHASE_STRIP = NO;
				DEBUG_INFORMATION_FORMAT = "dwarf-with-dsym";
				ENABLE_BITCODE = NO;
				ENABLE_NS_ASSERTIONS = NO;
				ENABLE_STRICT_OBJC_MSGSEND = YES;
				GCC_C_LANGUAGE_STANDARD = gnu99;
				GCC_NO_COMMON_BLOCKS = YES;
				GCC_WARN_64_TO_32_BIT_CONVERSION = YES;
				GCC_WARN_ABOUT_RETURN_TYPE = YES_ERROR;
				GCC_WARN_UNDECLARED_SELECTOR = YES;
				GCC_WARN_UNINITIALIZED_AUTOS = YES_AGGRESSIVE;
				GCC_WARN_UNUSED_FUNCTION = YES;
				GCC_WARN_UNUSED_VARIABLE = YES;
				HEADER_SEARCH_PATHS = "include/**";
				IPHONEOS_DEPLOYMENT_TARGET = 8.0;
				MTL_ENABLE_DEBUG_INFO = NO;
				SDKROOT = iphoneos;
				SWIFT_VERSION = 2.3;
				TARGETED_DEVICE_FAMILY = "1,2";
				VALIDATE_PRODUCT = YES;
			};
			name = Release;
		};
		B575ACA31CA198C4003F90F4 /* Debug */ = {
			isa = XCBuildConfiguration;
			buildSettings = {
				ASSETCATALOG_COMPILER_APPICON_NAME = AppIcon;
				CODE_SIGN_IDENTITY = "iPhone Developer";
				"CODE_SIGN_IDENTITY[sdk=iphoneos*]" = "iPhone Developer";
				INFOPLIST_FILE = "ChipTune Hero/Info.plist";
				IPHONEOS_DEPLOYMENT_TARGET = 9.3;
				LD_RUNPATH_SEARCH_PATHS = "$(inherited) @executable_path/Frameworks";
				LIBRARY_SEARCH_PATHS = (
					"$(inherited)",
					"$(PROJECT_DIR)/lib",
				);
				OTHER_SWIFT_FLAGS = "-DUSE_SWIFTYJSON -DGCD_AVAILABLE";
				PRODUCT_BUNDLE_IDENTIFIER = "com.happyspork.chiptune-hero";
				PRODUCT_NAME = "$(TARGET_NAME)";
				PROVISIONING_PROFILE = "";
				SWIFT_OBJC_BRIDGING_HEADER = "ChipTune Hero/bridge.h";
				TARGETED_DEVICE_FAMILY = 1;
			};
			name = Debug;
		};
		B575ACA41CA198C4003F90F4 /* Release */ = {
			isa = XCBuildConfiguration;
			buildSettings = {
				ASSETCATALOG_COMPILER_APPICON_NAME = AppIcon;
				CODE_SIGN_IDENTITY = "iPhone Developer";
				"CODE_SIGN_IDENTITY[sdk=iphoneos*]" = "iPhone Developer";
				INFOPLIST_FILE = "ChipTune Hero/Info.plist";
				IPHONEOS_DEPLOYMENT_TARGET = 9.3;
				LD_RUNPATH_SEARCH_PATHS = "$(inherited) @executable_path/Frameworks";
				LIBRARY_SEARCH_PATHS = (
					"$(inherited)",
					"$(PROJECT_DIR)/lib",
				);
				OTHER_SWIFT_FLAGS = "-DUSE_SWIFTYJSON -DGCD_AVAILABLE";
				PRODUCT_BUNDLE_IDENTIFIER = "com.happyspork.chiptune-hero";
				PRODUCT_NAME = "$(TARGET_NAME)";
				PROVISIONING_PROFILE = "";
				SWIFT_OBJC_BRIDGING_HEADER = "ChipTune Hero/bridge.h";
				TARGETED_DEVICE_FAMILY = 1;
			};
			name = Release;
		};
/* End XCBuildConfiguration section */

/* Begin XCConfigurationList section */
		B575AC871CA198C4003F90F4 /* Build configuration list for PBXProject "ChipTune Hero" */ = {
			isa = XCConfigurationList;
			buildConfigurations = (
				B575ACA01CA198C4003F90F4 /* Debug */,
				B575ACA11CA198C4003F90F4 /* Release */,
			);
			defaultConfigurationIsVisible = 0;
			defaultConfigurationName = Release;
		};
		B575ACA21CA198C4003F90F4 /* Build configuration list for PBXNativeTarget "Chiptune Hero" */ = {
			isa = XCConfigurationList;
			buildConfigurations = (
				B575ACA31CA198C4003F90F4 /* Debug */,
				B575ACA41CA198C4003F90F4 /* Release */,
			);
			defaultConfigurationIsVisible = 0;
			defaultConfigurationName = Release;
		};
/* End XCConfigurationList section */
	};
	rootObject = B575AC841CA198C4003F90F4 /* Project object */;
}
